
Microsoft Visual Studio Solution File, Format Version 12.00
# Visual Studio Version 16
VisualStudioVersion = 16.0.30621.155
MinimumVisualStudioVersion = 10.0.40219.1
Project("{FAE04EC0-301F-11D3-BF4B-00C04F79EFBC}") = "TicTacToe", "TicTacToe.csproj", "{5048AE31-EEBD-4B25-B4F0-3D619B24F63B}"
EndProject
Global
	GlobalSection(SolutionConfigurationPlatforms) = preSolution
		Debug|Any CPU = Debug|Any CPU
		Release|Any CPU = Release|Any CPU
	EndGlobalSection
	GlobalSection(ProjectConfigurationPlatforms) = postSolution
		{5048AE31-EEBD-4B25-B4F0-3D619B24F63B}.Debug|Any CPU.ActiveCfg = Debug|Any CPU
		{5048AE31-EEBD-4B25-B4F0-3D619B24F63B}.Debug|Any CPU.Build.0 = Debug|Any CPU
		{5048AE31-EEBD-4B25-B4F0-3D619B24F63B}.Release|Any CPU.ActiveCfg = Release|Any CPU
		{5048AE31-EEBD-4B25-B4F0-3D619B24F63B}.Release|Any CPU.Build.0 = Release|Any CPU
	EndGlobalSection
	GlobalSection(SolutionProperties) = preSolution
		HideSolutionNode = FALSE
	EndGlobalSection
	GlobalSection(ExtensibilityGlobals) = postSolution
		SolutionGuid = {457D7D80-464A-4EC3-941F-D9F020476576}
	EndGlobalSection
EndGlobal
